
Microsoft Visual Studio Solution File, Format Version 12.00
# Visual Studio Version 17
VisualStudioVersion = 17.2.32602.215
MinimumVisualStudioVersion = 10.0.40219.1
Project("{F184B08F-C81C-45F6-A57F-5ABD9991F28F}") = "wpf_tests", "wpf_tests\wpf_tests.vbproj", "{5D59B2CE-B036-454A-AB2B-3268B593637F}"
EndProject
Global
	GlobalSection(SolutionConfigurationPlatforms) = preSolution
		Debug|Any CPU = Debug|Any CPU
		Release|Any CPU = Release|Any CPU
	EndGlobalSection
	GlobalSection(ProjectConfigurationPlatforms) = postSolution
		{5D59B2CE-B036-454A-AB2B-3268B593637F}.Debug|Any CPU.ActiveCfg = Debug|Any CPU
		{5D59B2CE-B036-454A-AB2B-3268B593637F}.Debug|Any CPU.Build.0 = Debug|Any CPU
		{5D59B2CE-B036-454A-AB2B-3268B593637F}.Release|Any CPU.ActiveCfg = Release|Any CPU
		{5D59B2CE-B036-454A-AB2B-3268B593637F}.Release|Any CPU.Build.0 = Release|Any CPU
	EndGlobalSection
	GlobalSection(SolutionProperties) = preSolution
		HideSolutionNode = FALSE
	EndGlobalSection
	GlobalSection(ExtensibilityGlobals) = postSolution
		SolutionGuid = {DB0A03C0-5A0D-4FCB-8398-9009E5BE6439}
	EndGlobalSection
EndGlobal
